
Microsoft Visual Studio Solution File, Format Version 12.00
# Visual Studio Version 17
VisualStudioVersion = 17.8.34511.84
MinimumVisualStudioVersion = 10.0.40219.1
Project("{FAE04EC0-301F-11D3-BF4B-00C04F79EFBC}") = "FirstMVCApplication", "FirstMVCApplication\FirstMVCApplication.csproj", "{A55C4A40-B36C-4F22-9EF8-6D47D67E8C56}"
EndProject
Global
	GlobalSection(SolutionConfigurationPlatforms) = preSolution
		Debug|Any CPU = Debug|Any CPU
		Release|Any CPU = Release|Any CPU
	EndGlobalSection
	GlobalSection(ProjectConfigurationPlatforms) = postSolution
		{A55C4A40-B36C-4F22-9EF8-6D47D67E8C56}.Debug|Any CPU.ActiveCfg = Debug|Any CPU
		{A55C4A40-B36C-4F22-9EF8-6D47D67E8C56}.Debug|Any CPU.Build.0 = Debug|Any CPU
		{A55C4A40-B36C-4F22-9EF8-6D47D67E8C56}.Release|Any CPU.ActiveCfg = Release|Any CPU
		{A55C4A40-B36C-4F22-9EF8-6D47D67E8C56}.Release|Any CPU.Build.0 = Release|Any CPU
	EndGlobalSection
	GlobalSection(SolutionProperties) = preSolution
		HideSolutionNode = FALSE
	EndGlobalSection
	GlobalSection(ExtensibilityGlobals) = postSolution
		SolutionGuid = {87358C8D-04FE-4DBB-A5A2-F29073380059}
	EndGlobalSection
EndGlobal
